
Microsoft Visual Studio Solution File, Format Version 12.00
# Visual Studio Version 17
VisualStudioVersion = 17.5.002.0
MinimumVisualStudioVersion = 10.0.40219.1
Project("{9A19103F-16F7-4668-BE54-9A1E7A4F7556}") = "http-api-minimal-student", "http-api-minimal-student.csproj", "{8B013BCB-BDC5-4860-9F7E-6B939C272E8B}"
EndProject
Global
	GlobalSection(SolutionConfigurationPlatforms) = preSolution
		Debug|Any CPU = Debug|Any CPU
		Release|Any CPU = Release|Any CPU
	EndGlobalSection
	GlobalSection(ProjectConfigurationPlatforms) = postSolution
		{8B013BCB-BDC5-4860-9F7E-6B939C272E8B}.Debug|Any CPU.ActiveCfg = Debug|Any CPU
		{8B013BCB-BDC5-4860-9F7E-6B939C272E8B}.Debug|Any CPU.Build.0 = Debug|Any CPU
		{8B013BCB-BDC5-4860-9F7E-6B939C272E8B}.Release|Any CPU.ActiveCfg = Release|Any CPU
		{8B013BCB-BDC5-4860-9F7E-6B939C272E8B}.Release|Any CPU.Build.0 = Release|Any CPU
	EndGlobalSection
	GlobalSection(SolutionProperties) = preSolution
		HideSolutionNode = FALSE
	EndGlobalSection
	GlobalSection(ExtensibilityGlobals) = postSolution
		SolutionGuid = {2A3D0D69-64C1-4A9C-8B99-823CFB7CFD55}
	EndGlobalSection
EndGlobal
